
Microsoft Visual Studio Solution File, Format Version 12.00
# Visual Studio Version 17
VisualStudioVersion = 17.9.34607.119
MinimumVisualStudioVersion = 10.0.40219.1
Project("{FAE04EC0-301F-11D3-BF4B-00C04F79EFBC}") = "StudentDetailsAPI", "StudentDetailsAPI\StudentDetailsAPI.csproj", "{14B23F92-555C-4E04-B636-2B41E6AB20F5}"
EndProject
Global
	GlobalSection(SolutionConfigurationPlatforms) = preSolution
		Debug|Any CPU = Debug|Any CPU
		Release|Any CPU = Release|Any CPU
	EndGlobalSection
	GlobalSection(ProjectConfigurationPlatforms) = postSolution
		{14B23F92-555C-4E04-B636-2B41E6AB20F5}.Debug|Any CPU.ActiveCfg = Debug|Any CPU
		{14B23F92-555C-4E04-B636-2B41E6AB20F5}.Debug|Any CPU.Build.0 = Debug|Any CPU
		{14B23F92-555C-4E04-B636-2B41E6AB20F5}.Release|Any CPU.ActiveCfg = Release|Any CPU
		{14B23F92-555C-4E04-B636-2B41E6AB20F5}.Release|Any CPU.Build.0 = Release|Any CPU
	EndGlobalSection
	GlobalSection(SolutionProperties) = preSolution
		HideSolutionNode = FALSE
	EndGlobalSection
	GlobalSection(ExtensibilityGlobals) = postSolution
		SolutionGuid = {4B20B51C-72AD-4248-A6EC-D99E8F007059}
	EndGlobalSection
EndGlobal
